
Microsoft Visual Studio Solution File, Format Version 12.00
# Visual Studio Version 17
VisualStudioVersion = 17.4.33205.214
MinimumVisualStudioVersion = 10.0.40219.1
Project("{FAE04EC0-301F-11D3-BF4B-00C04F79EFBC}") = "FonoAudiologia.Web", "FonoAudiologia.Web\FonoAudiologia.Web.csproj", "{40E4D53F-BF4A-4C99-B177-270DA4538DB4}"
EndProject
Global
	GlobalSection(SolutionConfigurationPlatforms) = preSolution
		Debug|Any CPU = Debug|Any CPU
		Release|Any CPU = Release|Any CPU
	EndGlobalSection
	GlobalSection(ProjectConfigurationPlatforms) = postSolution
		{40E4D53F-BF4A-4C99-B177-270DA4538DB4}.Debug|Any CPU.ActiveCfg = Debug|Any CPU
		{40E4D53F-BF4A-4C99-B177-270DA4538DB4}.Debug|Any CPU.Build.0 = Debug|Any CPU
		{40E4D53F-BF4A-4C99-B177-270DA4538DB4}.Release|Any CPU.ActiveCfg = Release|Any CPU
		{40E4D53F-BF4A-4C99-B177-270DA4538DB4}.Release|Any CPU.Build.0 = Release|Any CPU
	EndGlobalSection
	GlobalSection(SolutionProperties) = preSolution
		HideSolutionNode = FALSE
	EndGlobalSection
	GlobalSection(ExtensibilityGlobals) = postSolution
		SolutionGuid = {E88D1E75-0FAF-4A2D-B014-6D929BC77E99}
	EndGlobalSection
EndGlobal
